<?xml version="1.0" encoding="utf-8"?>
<Project ToolsVersion="4.0" xmlns="http://schemas.microsoft.com/developer/msbuild/2003">
  <ItemGroup>
    <Filter Include="Source Files">
      <UniqueIdentifier>{4FC737F1-C7A5-4376-A066-2A32D752A2FF}</UniqueIdentifier>
      <Extensions>cpp;c;cc;cxx;c++;cppm;ixx;def;odl;idl;hpj;bat;asm;asmx</Extensions>
    </Filter>
    <Filter Include="Header Files">
      <UniqueIdentifier>{93995380-89BD-4b04-88EB-625FBE52EBFB}</UniqueIdentifier>
      <Extensions>h;hh;hpp;hxx;h++;hm;inl;inc;ipp;xsd</Extensions>
    </Filter>
    <Filter Include="Resource Files">
      <UniqueIdentifier>{67DA6AB6-F800-4c08-8B7A-83BB121AAD01}</UniqueIdentifier>
      <Extensions>rc;ico;cur;bmp;dlg;rc2;rct;bin;rgs;gif;jpg;jpeg;jpe;resx;tiff;tif;png;wav;mfcribbon-ms</Extensions>
    </Filter>
  </ItemGroup>
  <ItemGroup>
    <ClCompile Include="Engine\src\Entity.cpp">
      <Filter>Source Files</Filter>
    </ClCompile>
    <ClCompile Include="Engine\src\Window.cpp">
      <Filter>Source Files</Filter>
    </ClCompile>
    <ClCompile Include="Engine\src\World.cpp">
      <Filter>Source Files</Filter>
    </ClCompile>
    <ClCompile Include="Game\src\Configuration.cpp">
      <Filter>Source Files</Filter>
    </ClCompile>
    <ClCompile Include="Game\src\Game.cpp">
      <Filter>Source Files</Filter>
    </ClCompile>
    <ClCompile Include="Game\src\main.cpp">
      <Filter>Source Files</Filter>
    </ClCompile>
    <ClCompile Include="Engine\src\GUI\Widget.cpp">
      <Filter>Source Files</Filter>
    </ClCompile>
    <ClCompile Include="Engine\src\GUI\Button.cpp">
      <Filter>Source Files</Filter>
    </ClCompile>
    <ClCompile Include="Engine\src\GUI\TextButton.cpp">
      <Filter>Source Files</Filter>
    </ClCompile>
    <ClCompile Include="Engine\src\GUI\Container.cpp">
      <Filter>Source Files</Filter>
    </ClCompile>
    <ClCompile Include="Engine\src\GUI\Frame.cpp">
      <Filter>Source Files</Filter>
    </ClCompile>
    <ClCompile Include="Engine\src\GUI\Label.cpp">
      <Filter>Source Files</Filter>
    </ClCompile>
    <ClCompile Include="Engine\src\GUI\Layout.cpp">
      <Filter>Source Files</Filter>
    </ClCompile>
    <ClCompile Include="Engine\src\GUI\VLayout.cpp">
      <Filter>Source Files</Filter>
    </ClCompile>
    <ClCompile Include="Engine\src\Input\Action.cpp">
      <Filter>Source Files</Filter>
    </ClCompile>
    <ClCompile Include="Engine\src\Scene\SceneStateMachine.cpp">
      <Filter>Source Files</Filter>
    </ClCompile>
    <ClCompile Include="Game\src\gameScenes\SceneSplashScreen.cpp">
      <Filter>Source Files</Filter>
    </ClCompile>
    <ClCompile Include="Game\src\gameScenes\SceneMainMenu.cpp">
      <Filter>Source Files</Filter>
    </ClCompile>
    <ClCompile Include="Game\src\gameScenes\SceneGame.cpp">
      <Filter>Source Files</Filter>
    </ClCompile>
    <ClCompile Include="Game\src\Player\Player.cpp">
      <Filter>Source Files</Filter>
    </ClCompile>
    <ClCompile Include="Game\src\Map.cpp">
      <Filter>Source Files</Filter>
    </ClCompile>
    <ClCompile Include="Engine\src\Collision.cpp">
      <Filter>Source Files</Filter>
    </ClCompile>
    <ClCompile Include="Game\src\StaticObject.cpp">
      <Filter>Source Files</Filter>
    </ClCompile>
    <ClCompile Include="Engine\src\Camera2d.cpp">
      <Filter>Source Files</Filter>
    </ClCompile>
  </ItemGroup>
  <ItemGroup>
    <ClInclude Include="Engine\include\Entity.h">
      <Filter>Header Files</Filter>
    </ClInclude>
    <ClInclude Include="Engine\include\ResourceManager.h">
      <Filter>Header Files</Filter>
    </ClInclude>
    <ClInclude Include="Engine\include\Window.h">
      <Filter>Header Files</Filter>
    </ClInclude>
    <ClInclude Include="Engine\include\World.h">
      <Filter>Header Files</Filter>
    </ClInclude>
    <ClInclude Include="Game\include\Configuration.h">
      <Filter>Header Files</Filter>
    </ClInclude>
    <ClInclude Include="Game\include\Game.h">
      <Filter>Header Files</Filter>
    </ClInclude>
    <ClInclude Include="Engine\include\GUI\Gui.h">
      <Filter>Header Files</Filter>
    </ClInclude>
    <ClInclude Include="Engine\include\GUI\Widget.h">
      <Filter>Header Files</Filter>
    </ClInclude>
    <ClInclude Include="Engine\include\GUI\Button.h">
      <Filter>Header Files</Filter>
    </ClInclude>
    <ClInclude Include="Engine\include\GUI\TextButton.h">
      <Filter>Header Files</Filter>
    </ClInclude>
    <ClInclude Include="Engine\include\GUI\Container.h">
      <Filter>Header Files</Filter>
    </ClInclude>
    <ClInclude Include="Engine\include\GUI\Frame.h">
      <Filter>Header Files</Filter>
    </ClInclude>
    <ClInclude Include="Engine\include\GUI\Label.h">
      <Filter>Header Files</Filter>
    </ClInclude>
    <ClInclude Include="Engine\include\GUI\Layout.h">
      <Filter>Header Files</Filter>
    </ClInclude>
    <ClInclude Include="Engine\include\GUI\VLayout.h">
      <Filter>Header Files</Filter>
    </ClInclude>
    <ClInclude Include="Engine\include\Input\Action.h">
      <Filter>Header Files</Filter>
    </ClInclude>
    <ClInclude Include="Engine\include\Input\ActionMap.h">
      <Filter>Header Files</Filter>
    </ClInclude>
    <ClInclude Include="Engine\include\Input\ActionTarget.h">
      <Filter>Header Files</Filter>
    </ClInclude>
    <ClInclude Include="Engine\include\Scene\Scene.h">
      <Filter>Header Files</Filter>
    </ClInclude>
    <ClInclude Include="Engine\include\Scene\SceneStateMachine.h">
      <Filter>Header Files</Filter>
    </ClInclude>
    <ClInclude Include="Game\include\gameScenes\SceneSplashScreen.h">
      <Filter>Header Files</Filter>
    </ClInclude>
    <ClInclude Include="Game\include\gameScenes\SceneMainMenu.h">
      <Filter>Header Files</Filter>
    </ClInclude>
    <ClInclude Include="Game\include\gameScenes\SceneGame.h">
      <Filter>Header Files</Filter>
    </ClInclude>
    <ClInclude Include="Game\include\Player\Player.h">
      <Filter>Header Files</Filter>
    </ClInclude>
    <ClInclude Include="Game\include\Map.h">
      <Filter>Header Files</Filter>
    </ClInclude>
    <ClInclude Include="Game\include\Global.h">
      <Filter>Header Files</Filter>
    </ClInclude>
    <ClInclude Include="Engine\include\Collision.h">
      <Filter>Header Files</Filter>
    </ClInclude>
    <ClInclude Include="Engine\include\StaticObject.h">
      <Filter>Header Files</Filter>
    </ClInclude>
    <ClInclude Include="Engine\include\Camera2d.h">
      <Filter>Header Files</Filter>
    </ClInclude>
  </ItemGroup>
  <ItemGroup>
    <Font Include="assets\fonts\Arcade.ttf" />
    <Font Include="assets\fonts\league.ttf" />
    <Font Include="assets\fonts\wolfenstein.ttf" />
  </ItemGroup>
</Project>